
Microsoft Visual Studio Solution File, Format Version 12.00
# Visual Studio Version 17
VisualStudioVersion = 17.8.34330.188
MinimumVisualStudioVersion = 10.0.40219.1
Project("{FAE04EC0-301F-11D3-BF4B-00C04F79EFBC}") = "Assignment", "Assignment 1\Assignment.csproj", "{22306EFB-3F75-4AB1-A4EB-0B0E9CB04B59}"
EndProject
Global
	GlobalSection(SolutionConfigurationPlatforms) = preSolution
		Debug|Any CPU = Debug|Any CPU
		Release|Any CPU = Release|Any CPU
	EndGlobalSection
	GlobalSection(ProjectConfigurationPlatforms) = postSolution
		{22306EFB-3F75-4AB1-A4EB-0B0E9CB04B59}.Debug|Any CPU.ActiveCfg = Debug|Any CPU
		{22306EFB-3F75-4AB1-A4EB-0B0E9CB04B59}.Debug|Any CPU.Build.0 = Debug|Any CPU
		{22306EFB-3F75-4AB1-A4EB-0B0E9CB04B59}.Release|Any CPU.ActiveCfg = Release|Any CPU
		{22306EFB-3F75-4AB1-A4EB-0B0E9CB04B59}.Release|Any CPU.Build.0 = Release|Any CPU
	EndGlobalSection
	GlobalSection(SolutionProperties) = preSolution
		HideSolutionNode = FALSE
	EndGlobalSection
	GlobalSection(ExtensibilityGlobals) = postSolution
		SolutionGuid = {5848034D-F945-4B25-A930-D04E0CEB6352}
	EndGlobalSection
EndGlobal
